
Microsoft Visual Studio Solution File, Format Version 12.00
# Visual Studio Version 17
VisualStudioVersion = 17.8.34330.188
MinimumVisualStudioVersion = 10.0.40219.1
Project("{9A19103F-16F7-4668-BE54-9A1E7A4F7556}") = "Ex03", "Ex03\Ex03.csproj", "{85CCB15E-4922-4F9E-A4C1-0D2FB4AB7FB2}"
EndProject
Project("{FAE04EC0-301F-11D3-BF4B-00C04F79EFBC}") = "Ex03.GarageLogic", "Ex03.GarageLogic\Ex03.GarageLogic.csproj", "{8BC9928E-CA89-4F33-8028-CDE26912B3A3}"
EndProject
Global
	GlobalSection(SolutionConfigurationPlatforms) = preSolution
		Debug|Any CPU = Debug|Any CPU
		Release|Any CPU = Release|Any CPU
	EndGlobalSection
	GlobalSection(ProjectConfigurationPlatforms) = postSolution
		{85CCB15E-4922-4F9E-A4C1-0D2FB4AB7FB2}.Debug|Any CPU.ActiveCfg = Debug|Any CPU
		{85CCB15E-4922-4F9E-A4C1-0D2FB4AB7FB2}.Debug|Any CPU.Build.0 = Debug|Any CPU
		{85CCB15E-4922-4F9E-A4C1-0D2FB4AB7FB2}.Release|Any CPU.ActiveCfg = Release|Any CPU
		{85CCB15E-4922-4F9E-A4C1-0D2FB4AB7FB2}.Release|Any CPU.Build.0 = Release|Any CPU
		{8BC9928E-CA89-4F33-8028-CDE26912B3A3}.Debug|Any CPU.ActiveCfg = Debug|Any CPU
		{8BC9928E-CA89-4F33-8028-CDE26912B3A3}.Debug|Any CPU.Build.0 = Debug|Any CPU
		{8BC9928E-CA89-4F33-8028-CDE26912B3A3}.Release|Any CPU.ActiveCfg = Release|Any CPU
		{8BC9928E-CA89-4F33-8028-CDE26912B3A3}.Release|Any CPU.Build.0 = Release|Any CPU
	EndGlobalSection
	GlobalSection(SolutionProperties) = preSolution
		HideSolutionNode = FALSE
	EndGlobalSection
	GlobalSection(ExtensibilityGlobals) = postSolution
		SolutionGuid = {17F092B9-7859-427A-84C3-2F6A7348F3F3}
	EndGlobalSection
EndGlobal
